PODS:
  - Alamofire (4.7.3)
  - Swinject (2.4.1)

DEPENDENCIES:
  - Alamofire
  - Swinject

SPEC REPOS:
  https://github.com/CocoaPods/Specs.git:
    - Alamofire
    - Swinject

SPEC CHECKSUMS:
  Alamofire: c7287b6e5d7da964a70935e5db17046b7fde6568
  Swinject: f7f15a9672e99328c1f07f277091087917215700

PODFILE CHECKSUM: 873184acb4ec2ef366cd8b1aa1390a05e1d771ba

COCOAPODS: 1.5.0
