// !$*UTF8*$!
{
	archiveVersion = 1;
	classes = {
	};
	objectVersion = 50;
	objects = {

/* Begin PBXBuildFile section */
		19455196216CE50E002526F0 /* UITableView+RegisterNib.swift in Sources */ = {isa = PBXBuildFile; fileRef = 19455195216CE50E002526F0 /* UITableView+RegisterNib.swift */; };
		19455198216CE96D002526F0 /* UICollectionView+RegisterNib.swift in Sources */ = {isa = PBXBuildFile; fileRef = 19455197216CE96D002526F0 /* UICollectionView+RegisterNib.swift */; };
		1945519A216E05D3002526F0 /* StopPoint.swift in Sources */ = {isa = PBXBuildFile; fileRef = 19455199216E05D3002526F0 /* StopPoint.swift */; };
		199C47F9216AB1B400F49B5B /* Timetable.storyboard in Resources */ = {isa = PBXBuildFile; fileRef = 199C47F7216AB1B400F49B5B /* Timetable.storyboard */; };
		199C47FD216AC94E00F49B5B /* TimetableCell.xib in Resources */ = {isa = PBXBuildFile; fileRef = 199C47FB216AC94D00F49B5B /* TimetableCell.xib */; };
		199C47FE216AC94E00F49B5B /* TimetableCell.swift in Sources */ = {isa = PBXBuildFile; fileRef = 199C47FC216AC94E00F49B5B /* TimetableCell.swift */; };
		199C4801216AD0B300F49B5B /* MinutesCell.swift in Sources */ = {isa = PBXBuildFile; fileRef = 199C47FF216AD0B200F49B5B /* MinutesCell.swift */; };
		199C4802216AD0B300F49B5B /* MinutesCell.xib in Resources */ = {isa = PBXBuildFile; fileRef = 199C4800216AD0B200F49B5B /* MinutesCell.xib */; };
		199C4810216B861200F49B5B /* TimetableRow.swift in Sources */ = {isa = PBXBuildFile; fileRef = 199C480F216B861200F49B5B /* TimetableRow.swift */; };
		199C4812216B862400F49B5B /* WarsawTimetable.swift in Sources */ = {isa = PBXBuildFile; fileRef = 199C4811216B862400F49B5B /* WarsawTimetable.swift */; };
		199C4815216B983100F49B5B /* TimetableViewController.swift in Sources */ = {isa = PBXBuildFile; fileRef = 199C4814216B983100F49B5B /* TimetableViewController.swift */; };
		199C4818216B987E00F49B5B /* TimetableViewModel.swift in Sources */ = {isa = PBXBuildFile; fileRef = 199C4817216B987E00F49B5B /* TimetableViewModel.swift */; };
		199C481B216B989800F49B5B /* TimetableViewModelBase.swift in Sources */ = {isa = PBXBuildFile; fileRef = 199C481A216B989800F49B5B /* TimetableViewModelBase.swift */; };
		9827F920B50A446BB6EBF428 /* Pods_Tram_Timetable.framework in Frameworks */ = {isa = PBXBuildFile; fileRef = 16B6B559619D90503379DAE9 /* Pods_Tram_Timetable.framework */; };
		D029C5352161956D00A26132 /* AppDelegate.swift in Sources */ = {isa = PBXBuildFile; fileRef = D029C5342161956D00A26132 /* AppDelegate.swift */; };
		D029C5372161956D00A26132 /* MapScreenViewController.swift in Sources */ = {isa = PBXBuildFile; fileRef = D029C5362161956D00A26132 /* MapScreenViewController.swift */; };
		D029C53A2161956D00A26132 /* Map.storyboard in Resources */ = {isa = PBXBuildFile; fileRef = D029C5382161956D00A26132 /* Map.storyboard */; };
		D029C53C2161956D00A26132 /* Assets.xcassets in Resources */ = {isa = PBXBuildFile; fileRef = D029C53B2161956D00A26132 /* Assets.xcassets */; };
		D029C53F2161956D00A26132 /* LaunchScreen.storyboard in Resources */ = {isa = PBXBuildFile; fileRef = D029C53D2161956D00A26132 /* LaunchScreen.storyboard */; };
		D029C54A2161956D00A26132 /* Tram_TimetableTests.swift in Sources */ = {isa = PBXBuildFile; fileRef = D029C5492161956D00A26132 /* Tram_TimetableTests.swift */; };
		D029C5582162E81500A26132 /* AlamofireService.swift in Sources */ = {isa = PBXBuildFile; fileRef = D029C5572162E81500A26132 /* AlamofireService.swift */; };
		D029C55A2162E82200A26132 /* AlamofireServiceBase.swift in Sources */ = {isa = PBXBuildFile; fileRef = D029C5592162E82200A26132 /* AlamofireServiceBase.swift */; };
		D029C55C2162E86C00A26132 /* Connectivity.swift in Sources */ = {isa = PBXBuildFile; fileRef = D029C55B2162E86C00A26132 /* Connectivity.swift */; };
		D029C55E2162E89D00A26132 /* APIRequest.swift in Sources */ = {isa = PBXBuildFile; fileRef = D029C55D2162E89D00A26132 /* APIRequest.swift */; };
		D029C5602162E8AC00A26132 /* APIRequestBase.swift in Sources */ = {isa = PBXBuildFile; fileRef = D029C55F2162E8AC00A26132 /* APIRequestBase.swift */; };
		D029C5622162E8C000A26132 /* TramRouter.swift in Sources */ = {isa = PBXBuildFile; fileRef = D029C5612162E8C000A26132 /* TramRouter.swift */; };
		D029C5642162E95900A26132 /* NetworkResult.swift in Sources */ = {isa = PBXBuildFile; fileRef = D029C5632162E95900A26132 /* NetworkResult.swift */; };
		D029C5662162E98300A26132 /* TramService.swift in Sources */ = {isa = PBXBuildFile; fileRef = D029C5652162E98300A26132 /* TramService.swift */; };
		D029C56C216432CA00A26132 /* MapScreenViewModel.swift in Sources */ = {isa = PBXBuildFile; fileRef = D029C56B216432CA00A26132 /* MapScreenViewModel.swift */; };
		D029C56E216432E000A26132 /* MapScreenViewModelBase.swift in Sources */ = {isa = PBXBuildFile; fileRef = D029C56D216432E000A26132 /* MapScreenViewModelBase.swift */; };
		D029C570216433F300A26132 /* SharedCointainer.swift in Sources */ = {isa = PBXBuildFile; fileRef = D029C56F216433F300A26132 /* SharedCointainer.swift */; };
		D04CE09F216D5F9B005B8153 /* Constants.swift in Sources */ = {isa = PBXBuildFile; fileRef = D04CE09E216D5F9B005B8153 /* Constants.swift */; };
		D04CE0A2216D7291005B8153 /* Stops.swift in Sources */ = {isa = PBXBuildFile; fileRef = D04CE0A1216D7291005B8153 /* Stops.swift */; };
/* End PBXBuildFile section */

/* Begin PBXContainerItemProxy section */
		D029C5462161956D00A26132 /* PBXContainerItemProxy */ = {
			isa = PBXContainerItemProxy;
			containerPortal = D029C5292161956D00A26132 /* Project object */;
			proxyType = 1;
			remoteGlobalIDString = D029C5302161956D00A26132;
			remoteInfo = "Tram Timetable";
		};
/* End PBXContainerItemProxy section */

/* Begin PBXFileReference section */
		16B6B559619D90503379DAE9 /* Pods_Tram_Timetable.framework */ = {isa = PBXFileReference; explicitFileType = wrapper.framework; includeInIndex = 0; path = Pods_Tram_Timetable.framework; sourceTree = BUILT_PRODUCTS_DIR; };
		19455195216CE50E002526F0 /* UITableView+RegisterNib.swift */ = {isa = PBXFileReference; lastKnownFileType = sourcecode.swift; path = "UITableView+RegisterNib.swift"; sourceTree = "<group>"; };
		19455197216CE96D002526F0 /* UICollectionView+RegisterNib.swift */ = {isa = PBXFileReference; lastKnownFileType = sourcecode.swift; path = "UICollectionView+RegisterNib.swift"; sourceTree = "<group>"; };
		19455199216E05D3002526F0 /* StopPoint.swift */ = {isa = PBXFileReference; lastKnownFileType = sourcecode.swift; path = StopPoint.swift; sourceTree = "<group>"; };
		199C47F8216AB1B400F49B5B /* Base */ = {isa = PBXFileReference; lastKnownFileType = file.storyboard; name = Base; path = Base.lproj/Timetable.storyboard; sourceTree = "<group>"; };
		199C47FB216AC94D00F49B5B /* TimetableCell.xib */ = {isa = PBXFileReference; fileEncoding = 4; lastKnownFileType = file.xib; path = TimetableCell.xib; sourceTree = "<group>"; };
		199C47FC216AC94E00F49B5B /* TimetableCell.swift */ = {isa = PBXFileReference; fileEncoding = 4; lastKnownFileType = sourcecode.swift; path = TimetableCell.swift; sourceTree = "<group>"; };
		199C47FF216AD0B200F49B5B /* MinutesCell.swift */ = {isa = PBXFileReference; fileEncoding = 4; lastKnownFileType = sourcecode.swift; path = MinutesCell.swift; sourceTree = "<group>"; };
		199C4800216AD0B200F49B5B /* MinutesCell.xib */ = {isa = PBXFileReference; fileEncoding = 4; lastKnownFileType = file.xib; path = MinutesCell.xib; sourceTree = "<group>"; };
		199C480F216B861200F49B5B /* TimetableRow.swift */ = {isa = PBXFileReference; lastKnownFileType = sourcecode.swift; path = TimetableRow.swift; sourceTree = "<group>"; };
		199C4811216B862400F49B5B /* WarsawTimetable.swift */ = {isa = PBXFileReference; lastKnownFileType = sourcecode.swift; path = WarsawTimetable.swift; sourceTree = "<group>"; };
		199C4814216B983100F49B5B /* TimetableViewController.swift */ = {isa = PBXFileReference; lastKnownFileType = sourcecode.swift; path = TimetableViewController.swift; sourceTree = "<group>"; };
		199C4817216B987E00F49B5B /* TimetableViewModel.swift */ = {isa = PBXFileReference; lastKnownFileType = sourcecode.swift; path = TimetableViewModel.swift; sourceTree = "<group>"; };
		199C481A216B989800F49B5B /* TimetableViewModelBase.swift */ = {isa = PBXFileReference; lastKnownFileType = sourcecode.swift; path = TimetableViewModelBase.swift; sourceTree = "<group>"; };
		8BEBC5D801AFFC1354C01B38 /* Pods-Tram Timetable.release.xcconfig */ = {isa = PBXFileReference; includeInIndex = 1; lastKnownFileType = text.xcconfig; name = "Pods-Tram Timetable.release.xcconfig"; path = "Pods/Target Support Files/Pods-Tram Timetable/Pods-Tram Timetable.release.xcconfig"; sourceTree = "<group>"; };
		9683EBEC86EBBB76BF0D1BF2 /* Pods-Tram Timetable.debug.xcconfig */ = {isa = PBXFileReference; includeInIndex = 1; lastKnownFileType = text.xcconfig; name = "Pods-Tram Timetable.debug.xcconfig"; path = "Pods/Target Support Files/Pods-Tram Timetable/Pods-Tram Timetable.debug.xcconfig"; sourceTree = "<group>"; };
		D029C5312161956D00A26132 /* Tram Timetable.app */ = {isa = PBXFileReference; explicitFileType = wrapper.application; includeInIndex = 0; path = "Tram Timetable.app"; sourceTree = BUILT_PRODUCTS_DIR; };
		D029C5342161956D00A26132 /* AppDelegate.swift */ = {isa = PBXFileReference; lastKnownFileType = sourcecode.swift; path = AppDelegate.swift; sourceTree = "<group>"; };
		D029C5362161956D00A26132 /* MapScreenViewController.swift */ = {isa = PBXFileReference; lastKnownFileType = sourcecode.swift; path = MapScreenViewController.swift; sourceTree = "<group>"; };
		D029C5392161956D00A26132 /* Base */ = {isa = PBXFileReference; lastKnownFileType = file.storyboard; name = Base; path = Base.lproj/Map.storyboard; sourceTree = "<group>"; };
		D029C53B2161956D00A26132 /* Assets.xcassets */ = {isa = PBXFileReference; lastKnownFileType = folder.assetcatalog; path = Assets.xcassets; sourceTree = "<group>"; };
		D029C53E2161956D00A26132 /* Base */ = {isa = PBXFileReference; lastKnownFileType = file.storyboard; name = Base; path = Base.lproj/LaunchScreen.storyboard; sourceTree = "<group>"; };
		D029C5402161956D00A26132 /* Info.plist */ = {isa = PBXFileReference; lastKnownFileType = text.plist.xml; path = Info.plist; sourceTree = "<group>"; };
		D029C5452161956D00A26132 /* Tram TimetableTests.xctest */ = {isa = PBXFileReference; explicitFileType = wrapper.cfbundle; includeInIndex = 0; path = "Tram TimetableTests.xctest"; sourceTree = BUILT_PRODUCTS_DIR; };
		D029C5492161956D00A26132 /* Tram_TimetableTests.swift */ = {isa = PBXFileReference; lastKnownFileType = sourcecode.swift; path = Tram_TimetableTests.swift; sourceTree = "<group>"; };
		D029C54B2161956D00A26132 /* Info.plist */ = {isa = PBXFileReference; lastKnownFileType = text.plist.xml; path = Info.plist; sourceTree = "<group>"; };
		D029C5572162E81500A26132 /* AlamofireService.swift */ = {isa = PBXFileReference; lastKnownFileType = sourcecode.swift; path = AlamofireService.swift; sourceTree = "<group>"; };
		D029C5592162E82200A26132 /* AlamofireServiceBase.swift */ = {isa = PBXFileReference; lastKnownFileType = sourcecode.swift; path = AlamofireServiceBase.swift; sourceTree = "<group>"; };
		D029C55B2162E86C00A26132 /* Connectivity.swift */ = {isa = PBXFileReference; lastKnownFileType = sourcecode.swift; path = Connectivity.swift; sourceTree = "<group>"; };
		D029C55D2162E89D00A26132 /* APIRequest.swift */ = {isa = PBXFileReference; lastKnownFileType = sourcecode.swift; path = APIRequest.swift; sourceTree = "<group>"; };
		D029C55F2162E8AC00A26132 /* APIRequestBase.swift */ = {isa = PBXFileReference; lastKnownFileType = sourcecode.swift; path = APIRequestBase.swift; sourceTree = "<group>"; };
		D029C5612162E8C000A26132 /* TramRouter.swift */ = {isa = PBXFileReference; lastKnownFileType = sourcecode.swift; path = TramRouter.swift; sourceTree = "<group>"; };
		D029C5632162E95900A26132 /* NetworkResult.swift */ = {isa = PBXFileReference; lastKnownFileType = sourcecode.swift; path = NetworkResult.swift; sourceTree = "<group>"; };
		D029C5652162E98300A26132 /* TramService.swift */ = {isa = PBXFileReference; lastKnownFileType = sourcecode.swift; path = TramService.swift; sourceTree = "<group>"; };
		D029C56B216432CA00A26132 /* MapScreenViewModel.swift */ = {isa = PBXFileReference; lastKnownFileType = sourcecode.swift; path = MapScreenViewModel.swift; sourceTree = "<group>"; };
		D029C56D216432E000A26132 /* MapScreenViewModelBase.swift */ = {isa = PBXFileReference; lastKnownFileType = sourcecode.swift; path = MapScreenViewModelBase.swift; sourceTree = "<group>"; };
		D029C56F216433F300A26132 /* SharedCointainer.swift */ = {isa = PBXFileReference; lastKnownFileType = sourcecode.swift; path = SharedCointainer.swift; sourceTree = "<group>"; };
		D04CE09E216D5F9B005B8153 /* Constants.swift */ = {isa = PBXFileReference; lastKnownFileType = sourcecode.swift; path = Constants.swift; sourceTree = "<group>"; };
		D04CE0A1216D7291005B8153 /* Stops.swift */ = {isa = PBXFileReference; lastKnownFileType = sourcecode.swift; path = Stops.swift; sourceTree = "<group>"; };
/* End PBXFileReference section */

/* Begin PBXFrameworksBuildPhase section */
		D029C52E2161956D00A26132 /* Frameworks */ = {
			isa = PBXFrameworksBuildPhase;
			buildActionMask = 2147483647;
			files = (
				9827F920B50A446BB6EBF428 /* Pods_Tram_Timetable.framework in Frameworks */,
			);
			runOnlyForDeploymentPostprocessing = 0;
		};
		D029C5422161956D00A26132 /* Frameworks */ = {
			isa = PBXFrameworksBuildPhase;
			buildActionMask = 2147483647;
			files = (
			);
			runOnlyForDeploymentPostprocessing = 0;
		};
/* End PBXFrameworksBuildPhase section */

/* Begin PBXGroup section */
		00F4481BF0177E4EF8AEBACE /* Frameworks */ = {
			isa = PBXGroup;
			children = (
				16B6B559619D90503379DAE9 /* Pods_Tram_Timetable.framework */,
			);
			name = Frameworks;
			sourceTree = "<group>";
		};
		19455194216CE4F6002526F0 /* Extensions */ = {
			isa = PBXGroup;
			children = (
				19455195216CE50E002526F0 /* UITableView+RegisterNib.swift */,
				19455197216CE96D002526F0 /* UICollectionView+RegisterNib.swift */,
			);
			path = Extensions;
			sourceTree = "<group>";
		};
		199C47F6216AB04A00F49B5B /* Timetable Screen */ = {
			isa = PBXGroup;
			children = (
				199C480E216B85CF00F49B5B /* Model */,
				199C47F7216AB1B400F49B5B /* Timetable.storyboard */,
				199C47FA216AC7F700F49B5B /* View */,
				199C4813216B981600F49B5B /* ViewController */,
				199C4816216B986B00F49B5B /* ViewModel */,
			);
			path = "Timetable Screen";
			sourceTree = "<group>";
		};
		199C47FA216AC7F700F49B5B /* View */ = {
			isa = PBXGroup;
			children = (
				199C47FF216AD0B200F49B5B /* MinutesCell.swift */,
				199C4800216AD0B200F49B5B /* MinutesCell.xib */,
				199C47FC216AC94E00F49B5B /* TimetableCell.swift */,
				199C47FB216AC94D00F49B5B /* TimetableCell.xib */,
			);
			path = View;
			sourceTree = "<group>";
		};
		199C480E216B85CF00F49B5B /* Model */ = {
			isa = PBXGroup;
			children = (
				199C480F216B861200F49B5B /* TimetableRow.swift */,
				199C4811216B862400F49B5B /* WarsawTimetable.swift */,
			);
			path = Model;
			sourceTree = "<group>";
		};
		199C4813216B981600F49B5B /* ViewController */ = {
			isa = PBXGroup;
			children = (
				199C4814216B983100F49B5B /* TimetableViewController.swift */,
			);
			path = ViewController;
			sourceTree = "<group>";
		};
		199C4816216B986B00F49B5B /* ViewModel */ = {
			isa = PBXGroup;
			children = (
				199C4817216B987E00F49B5B /* TimetableViewModel.swift */,
				199C481A216B989800F49B5B /* TimetableViewModelBase.swift */,
			);
			path = ViewModel;
			sourceTree = "<group>";
		};
		B228E3927D17BBB9BB691EE8 /* Pods */ = {
			isa = PBXGroup;
			children = (
				9683EBEC86EBBB76BF0D1BF2 /* Pods-Tram Timetable.debug.xcconfig */,
				8BEBC5D801AFFC1354C01B38 /* Pods-Tram Timetable.release.xcconfig */,
			);
			name = Pods;
			sourceTree = "<group>";
		};
		D029C5282161956D00A26132 = {
			isa = PBXGroup;
			children = (
				D029C5332161956D00A26132 /* Tram Timetable */,
				D029C5482161956D00A26132 /* Tram TimetableTests */,
				D029C5322161956D00A26132 /* Products */,
				B228E3927D17BBB9BB691EE8 /* Pods */,
				00F4481BF0177E4EF8AEBACE /* Frameworks */,
			);
			sourceTree = "<group>";
		};
		D029C5322161956D00A26132 /* Products */ = {
			isa = PBXGroup;
			children = (
				D029C5312161956D00A26132 /* Tram Timetable.app */,
				D029C5452161956D00A26132 /* Tram TimetableTests.xctest */,
			);
			name = Products;
			sourceTree = "<group>";
		};
		D029C5332161956D00A26132 /* Tram Timetable */ = {
			isa = PBXGroup;
			children = (
				D029C5342161956D00A26132 /* AppDelegate.swift */,
				D029C53B2161956D00A26132 /* Assets.xcassets */,
				D04CE09E216D5F9B005B8153 /* Constants.swift */,
				19455194216CE4F6002526F0 /* Extensions */,
				D029C5402161956D00A26132 /* Info.plist */,
				D029C53D2161956D00A26132 /* LaunchScreen.storyboard */,
				D029C5672164315800A26132 /* Map Screen */,
				D029C5542162E70800A26132 /* Networking */,
				D029C56F216433F300A26132 /* SharedCointainer.swift */,
				199C47F6216AB04A00F49B5B /* Timetable Screen */,
			);
			path = "Tram Timetable";
			sourceTree = "<group>";
		};
		D029C5482161956D00A26132 /* Tram TimetableTests */ = {
			isa = PBXGroup;
			children = (
				D029C5492161956D00A26132 /* Tram_TimetableTests.swift */,
				D029C54B2161956D00A26132 /* Info.plist */,
			);
			path = "Tram TimetableTests";
			sourceTree = "<group>";
		};
		D029C5542162E70800A26132 /* Networking */ = {
			isa = PBXGroup;
			children = (
				D029C5562162E71800A26132 /* Alamofire Service */,
				D029C5552162E71000A26132 /* APIRequest */,
				D029C5652162E98300A26132 /* TramService.swift */,
			);
			path = Networking;
			sourceTree = "<group>";
		};
		D029C5552162E71000A26132 /* APIRequest */ = {
			isa = PBXGroup;
			children = (
				D029C55D2162E89D00A26132 /* APIRequest.swift */,
				D029C55F2162E8AC00A26132 /* APIRequestBase.swift */,
				D029C5632162E95900A26132 /* NetworkResult.swift */,
				D029C5612162E8C000A26132 /* TramRouter.swift */,
			);
			path = APIRequest;
			sourceTree = "<group>";
		};
		D029C5562162E71800A26132 /* Alamofire Service */ = {
			isa = PBXGroup;
			children = (
				D029C5572162E81500A26132 /* AlamofireService.swift */,
				D029C5592162E82200A26132 /* AlamofireServiceBase.swift */,
				D029C55B2162E86C00A26132 /* Connectivity.swift */,
			);
			path = "Alamofire Service";
			sourceTree = "<group>";
		};
		D029C5672164315800A26132 /* Map Screen */ = {
			isa = PBXGroup;
			children = (
				D04CE0A0216D7277005B8153 /* Model */,
				D029C5382161956D00A26132 /* Map.storyboard */,
				D029C5692164317500A26132 /* ViewController */,
				D029C5682164316E00A26132 /* ViewModel */,
			);
			path = "Map Screen";
			sourceTree = "<group>";
		};
		D029C5682164316E00A26132 /* ViewModel */ = {
			isa = PBXGroup;
			children = (
				D029C56B216432CA00A26132 /* MapScreenViewModel.swift */,
				D029C56D216432E000A26132 /* MapScreenViewModelBase.swift */,
			);
			path = ViewModel;
			sourceTree = "<group>";
		};
		D029C5692164317500A26132 /* ViewController */ = {
			isa = PBXGroup;
			children = (
				D029C5362161956D00A26132 /* MapScreenViewController.swift */,
			);
			path = ViewController;
			sourceTree = "<group>";
		};
		D04CE0A0216D7277005B8153 /* Model */ = {
			isa = PBXGroup;
			children = (
				D04CE0A1216D7291005B8153 /* Stops.swift */,
				19455199216E05D3002526F0 /* StopPoint.swift */,
			);
			path = Model;
			sourceTree = "<group>";
		};
/* End PBXGroup section */

/* Begin PBXNativeTarget section */
		D029C5302161956D00A26132 /* Tram Timetable */ = {
			isa = PBXNativeTarget;
			buildConfigurationList = D029C54E2161956D00A26132 /* Build configuration list for PBXNativeTarget "Tram Timetable" */;
			buildPhases = (
				75BB5B021245697B3E688360 /* [CP] Check Pods Manifest.lock */,
				D029C52D2161956D00A26132 /* Sources */,
				D029C52E2161956D00A26132 /* Frameworks */,
				D029C52F2161956D00A26132 /* Resources */,
				E5842A2A19255839E001FE3B /* [CP] Embed Pods Frameworks */,
			);
			buildRules = (
			);
			dependencies = (
			);
			name = "Tram Timetable";
			productName = "Tram Timetable";
			productReference = D029C5312161956D00A26132 /* Tram Timetable.app */;
			productType = "com.apple.product-type.application";
		};
		D029C5442161956D00A26132 /* Tram TimetableTests */ = {
			isa = PBXNativeTarget;
			buildConfigurationList = D029C5512161956D00A26132 /* Build configuration list for PBXNativeTarget "Tram TimetableTests" */;
			buildPhases = (
				D029C5412161956D00A26132 /* Sources */,
				D029C5422161956D00A26132 /* Frameworks */,
				D029C5432161956D00A26132 /* Resources */,
			);
			buildRules = (
			);
			dependencies = (
				D029C5472161956D00A26132 /* PBXTargetDependency */,
			);
			name = "Tram TimetableTests";
			productName = "Tram TimetableTests";
			productReference = D029C5452161956D00A26132 /* Tram TimetableTests.xctest */;
			productType = "com.apple.product-type.bundle.unit-test";
		};
/* End PBXNativeTarget section */

/* Begin PBXProject section */
		D029C5292161956D00A26132 /* Project object */ = {
			isa = PBXProject;
			attributes = {
				LastSwiftUpdateCheck = 0940;
				LastUpgradeCheck = 0940;
				ORGANIZATIONNAME = "Mikołaj Płachta";
				TargetAttributes = {
					D029C5302161956D00A26132 = {
						CreatedOnToolsVersion = 9.4.1;
					};
					D029C5442161956D00A26132 = {
						CreatedOnToolsVersion = 9.4.1;
						TestTargetID = D029C5302161956D00A26132;
					};
				};
			};
			buildConfigurationList = D029C52C2161956D00A26132 /* Build configuration list for PBXProject "Tram Timetable" */;
			compatibilityVersion = "Xcode 9.3";
			developmentRegion = en;
			hasScannedForEncodings = 0;
			knownRegions = (
				en,
				Base,
			);
			mainGroup = D029C5282161956D00A26132;
			productRefGroup = D029C5322161956D00A26132 /* Products */;
			projectDirPath = "";
			projectRoot = "";
			targets = (
				D029C5302161956D00A26132 /* Tram Timetable */,
				D029C5442161956D00A26132 /* Tram TimetableTests */,
			);
		};
/* End PBXProject section */

/* Begin PBXResourcesBuildPhase section */
		D029C52F2161956D00A26132 /* Resources */ = {
			isa = PBXResourcesBuildPhase;
			buildActionMask = 2147483647;
			files = (
				199C47FD216AC94E00F49B5B /* TimetableCell.xib in Resources */,
				D029C53F2161956D00A26132 /* LaunchScreen.storyboard in Resources */,
				D029C53C2161956D00A26132 /* Assets.xcassets in Resources */,
				199C47F9216AB1B400F49B5B /* Timetable.storyboard in Resources */,
				D029C53A2161956D00A26132 /* Map.storyboard in Resources */,
				199C4802216AD0B300F49B5B /* MinutesCell.xib in Resources */,
			);
			runOnlyForDeploymentPostprocessing = 0;
		};
		D029C5432161956D00A26132 /* Resources */ = {
			isa = PBXResourcesBuildPhase;
			buildActionMask = 2147483647;
			files = (
			);
			runOnlyForDeploymentPostprocessing = 0;
		};
/* End PBXResourcesBuildPhase section */

/* Begin PBXShellScriptBuildPhase section */
		75BB5B021245697B3E688360 /* [CP] Check Pods Manifest.lock */ = {
			isa = PBXShellScriptBuildPhase;
			buildActionMask = 2147483647;
			files = (
			);
			inputPaths = (
				"${PODS_PODFILE_DIR_PATH}/Podfile.lock",
				"${PODS_ROOT}/Manifest.lock",
			);
			name = "[CP] Check Pods Manifest.lock";
			outputPaths = (
				"$(DERIVED_FILE_DIR)/Pods-Tram Timetable-checkManifestLockResult.txt",
			);
			runOnlyForDeploymentPostprocessing = 0;
			shellPath = /bin/sh;
			shellScript = "diff \"${PODS_PODFILE_DIR_PATH}/Podfile.lock\" \"${PODS_ROOT}/Manifest.lock\" > /dev/null\nif [ $? != 0 ] ; then\n    # print error to STDERR\n    echo \"error: The sandbox is not in sync with the Podfile.lock. Run 'pod install' or update your CocoaPods installation.\" >&2\n    exit 1\nfi\n# This output is used by Xcode 'outputs' to avoid re-running this script phase.\necho \"SUCCESS\" > \"${SCRIPT_OUTPUT_FILE_0}\"\n";
			showEnvVarsInLog = 0;
		};
		E5842A2A19255839E001FE3B /* [CP] Embed Pods Frameworks */ = {
			isa = PBXShellScriptBuildPhase;
			buildActionMask = 2147483647;
			files = (
			);
			inputPaths = (
				"${SRCROOT}/Pods/Target Support Files/Pods-Tram Timetable/Pods-Tram Timetable-frameworks.sh",
				"${BUILT_PRODUCTS_DIR}/Alamofire/Alamofire.framework",
				"${BUILT_PRODUCTS_DIR}/RxCocoa/RxCocoa.framework",
				"${BUILT_PRODUCTS_DIR}/RxSwift/RxSwift.framework",
				"${BUILT_PRODUCTS_DIR}/Swinject/Swinject.framework",
			);
			name = "[CP] Embed Pods Frameworks";
			outputPaths = (
				"${TARGET_BUILD_DIR}/${FRAMEWORKS_FOLDER_PATH}/Alamofire.framework",
				"${TARGET_BUILD_DIR}/${FRAMEWORKS_FOLDER_PATH}/RxCocoa.framework",
				"${TARGET_BUILD_DIR}/${FRAMEWORKS_FOLDER_PATH}/RxSwift.framework",
				"${TARGET_BUILD_DIR}/${FRAMEWORKS_FOLDER_PATH}/Swinject.framework",
			);
			runOnlyForDeploymentPostprocessing = 0;
			shellPath = /bin/sh;
			shellScript = "\"${SRCROOT}/Pods/Target Support Files/Pods-Tram Timetable/Pods-Tram Timetable-frameworks.sh\"\n";
			showEnvVarsInLog = 0;
		};
/* End PBXShellScriptBuildPhase section */

/* Begin PBXSourcesBuildPhase section */
		D029C52D2161956D00A26132 /* Sources */ = {
			isa = PBXSourcesBuildPhase;
			buildActionMask = 2147483647;
			files = (
				199C4818216B987E00F49B5B /* TimetableViewModel.swift in Sources */,
				D029C570216433F300A26132 /* SharedCointainer.swift in Sources */,
				199C4810216B861200F49B5B /* TimetableRow.swift in Sources */,
				D029C5372161956D00A26132 /* MapScreenViewController.swift in Sources */,
				D029C56C216432CA00A26132 /* MapScreenViewModel.swift in Sources */,
				199C4812216B862400F49B5B /* WarsawTimetable.swift in Sources */,
				D04CE09F216D5F9B005B8153 /* Constants.swift in Sources */,
				D04CE0A2216D7291005B8153 /* Stops.swift in Sources */,
				D029C55A2162E82200A26132 /* AlamofireServiceBase.swift in Sources */,
				D029C55C2162E86C00A26132 /* Connectivity.swift in Sources */,
				199C47FE216AC94E00F49B5B /* TimetableCell.swift in Sources */,
				1945519A216E05D3002526F0 /* StopPoint.swift in Sources */,
				D029C56E216432E000A26132 /* MapScreenViewModelBase.swift in Sources */,
				19455196216CE50E002526F0 /* UITableView+RegisterNib.swift in Sources */,
				D029C5642162E95900A26132 /* NetworkResult.swift in Sources */,
				D029C5602162E8AC00A26132 /* APIRequestBase.swift in Sources */,
				19455198216CE96D002526F0 /* UICollectionView+RegisterNib.swift in Sources */,
				D029C5662162E98300A26132 /* TramService.swift in Sources */,
				199C481B216B989800F49B5B /* TimetableViewModelBase.swift in Sources */,
				D029C5582162E81500A26132 /* AlamofireService.swift in Sources */,
				199C4801216AD0B300F49B5B /* MinutesCell.swift in Sources */,
				D029C5622162E8C000A26132 /* TramRouter.swift in Sources */,
				D029C55E2162E89D00A26132 /* APIRequest.swift in Sources */,
				199C4815216B983100F49B5B /* TimetableViewController.swift in Sources */,
				D029C5352161956D00A26132 /* AppDelegate.swift in Sources */,
			);
			runOnlyForDeploymentPostprocessing = 0;
		};
		D029C5412161956D00A26132 /* Sources */ = {
			isa = PBXSourcesBuildPhase;
			buildActionMask = 2147483647;
			files = (
				D029C54A2161956D00A26132 /* Tram_TimetableTests.swift in Sources */,
			);
			runOnlyForDeploymentPostprocessing = 0;
		};
/* End PBXSourcesBuildPhase section */

/* Begin PBXTargetDependency section */
		D029C5472161956D00A26132 /* PBXTargetDependency */ = {
			isa = PBXTargetDependency;
			target = D029C5302161956D00A26132 /* Tram Timetable */;
			targetProxy = D029C5462161956D00A26132 /* PBXContainerItemProxy */;
		};
/* End PBXTargetDependency section */

/* Begin PBXVariantGroup section */
		199C47F7216AB1B400F49B5B /* Timetable.storyboard */ = {
			isa = PBXVariantGroup;
			children = (
				199C47F8216AB1B400F49B5B /* Base */,
			);
			name = Timetable.storyboard;
			sourceTree = "<group>";
		};
		D029C5382161956D00A26132 /* Map.storyboard */ = {
			isa = PBXVariantGroup;
			children = (
				D029C5392161956D00A26132 /* Base */,
			);
			name = Map.storyboard;
			sourceTree = "<group>";
		};
		D029C53D2161956D00A26132 /* LaunchScreen.storyboard */ = {
			isa = PBXVariantGroup;
			children = (
				D029C53E2161956D00A26132 /* Base */,
			);
			name = LaunchScreen.storyboard;
			sourceTree = "<group>";
		};
/* End PBXVariantGroup section */

/* Begin XCBuildConfiguration section */
		D029C54C2161956D00A26132 /* Debug */ = {
			isa = XCBuildConfiguration;
			buildSettings = {
				ALWAYS_SEARCH_USER_PATHS = NO;
				CLANG_ANALYZER_NONNULL = YES;
				CLANG_ANALYZER_NUMBER_OBJECT_CONVERSION = YES_AGGRESSIVE;
				CLANG_CXX_LANGUAGE_STANDARD = "gnu++14";
				CLANG_CXX_LIBRARY = "libc++";
				CLANG_ENABLE_MODULES = YES;
				CLANG_ENABLE_OBJC_ARC = YES;
				CLANG_ENABLE_OBJC_WEAK = YES;
				CLANG_WARN_BLOCK_CAPTURE_AUTORELEASING = YES;
				CLANG_WARN_BOOL_CONVERSION = YES;
				CLANG_WARN_COMMA = YES;
				CLANG_WARN_CONSTANT_CONVERSION = YES;
				CLANG_WARN_DEPRECATED_OBJC_IMPLEMENTATIONS = YES;
				CLANG_WARN_DIRECT_OBJC_ISA_USAGE = YES_ERROR;
				CLANG_WARN_DOCUMENTATION_COMMENTS = YES;
				CLANG_WARN_EMPTY_BODY = YES;
				CLANG_WARN_ENUM_CONVERSION = YES;
				CLANG_WARN_INFINITE_RECURSION = YES;
				CLANG_WARN_INT_CONVERSION = YES;
				CLANG_WARN_NON_LITERAL_NULL_CONVERSION = YES;
				CLANG_WARN_OBJC_IMPLICIT_RETAIN_SELF = YES;
				CLANG_WARN_OBJC_LITERAL_CONVERSION = YES;
				CLANG_WARN_OBJC_ROOT_CLASS = YES_ERROR;
				CLANG_WARN_RANGE_LOOP_ANALYSIS = YES;
				CLANG_WARN_STRICT_PROTOTYPES = YES;
				CLANG_WARN_SUSPICIOUS_MOVE = YES;
				CLANG_WARN_UNGUARDED_AVAILABILITY = YES_AGGRESSIVE;
				CLANG_WARN_UNREACHABLE_CODE = YES;
				CLANG_WARN__DUPLICATE_METHOD_MATCH = YES;
				CODE_SIGN_IDENTITY = "iPhone Developer";
				COPY_PHASE_STRIP = NO;
				DEBUG_INFORMATION_FORMAT = dwarf;
				ENABLE_STRICT_OBJC_MSGSEND = YES;
				ENABLE_TESTABILITY = YES;
				GCC_C_LANGUAGE_STANDARD = gnu11;
				GCC_DYNAMIC_NO_PIC = NO;
				GCC_NO_COMMON_BLOCKS = YES;
				GCC_OPTIMIZATION_LEVEL = 0;
				GCC_PREPROCESSOR_DEFINITIONS = (
					"DEBUG=1",
					"$(inherited)",
				);
				GCC_WARN_64_TO_32_BIT_CONVERSION = YES;
				GCC_WARN_ABOUT_RETURN_TYPE = YES_ERROR;
				GCC_WARN_UNDECLARED_SELECTOR = YES;
				GCC_WARN_UNINITIALIZED_AUTOS = YES_AGGRESSIVE;
				GCC_WARN_UNUSED_FUNCTION = YES;
				GCC_WARN_UNUSED_VARIABLE = YES;
				IPHONEOS_DEPLOYMENT_TARGET = 11.4;
				MTL_ENABLE_DEBUG_INFO = YES;
				ONLY_ACTIVE_ARCH = YES;
				SDKROOT = iphoneos;
				SWIFT_ACTIVE_COMPILATION_CONDITIONS = DEBUG;
				SWIFT_OPTIMIZATION_LEVEL = "-Onone";
			};
			name = Debug;
		};
		D029C54D2161956D00A26132 /* Release */ = {
			isa = XCBuildConfiguration;
			buildSettings = {
				ALWAYS_SEARCH_USER_PATHS = NO;
				CLANG_ANALYZER_NONNULL = YES;
				CLANG_ANALYZER_NUMBER_OBJECT_CONVERSION = YES_AGGRESSIVE;
				CLANG_CXX_LANGUAGE_STANDARD = "gnu++14";
				CLANG_CXX_LIBRARY = "libc++";
				CLANG_ENABLE_MODULES = YES;
				CLANG_ENABLE_OBJC_ARC = YES;
				CLANG_ENABLE_OBJC_WEAK = YES;
				CLANG_WARN_BLOCK_CAPTURE_AUTORELEASING = YES;
				CLANG_WARN_BOOL_CONVERSION = YES;
				CLANG_WARN_COMMA = YES;
				CLANG_WARN_CONSTANT_CONVERSION = YES;
				CLANG_WARN_DEPRECATED_OBJC_IMPLEMENTATIONS = YES;
				CLANG_WARN_DIRECT_OBJC_ISA_USAGE = YES_ERROR;
				CLANG_WARN_DOCUMENTATION_COMMENTS = YES;
				CLANG_WARN_EMPTY_BODY = YES;
				CLANG_WARN_ENUM_CONVERSION = YES;
				CLANG_WARN_INFINITE_RECURSION = YES;
				CLANG_WARN_INT_CONVERSION = YES;
				CLANG_WARN_NON_LITERAL_NULL_CONVERSION = YES;
				CLANG_WARN_OBJC_IMPLICIT_RETAIN_SELF = YES;
				CLANG_WARN_OBJC_LITERAL_CONVERSION = YES;
				CLANG_WARN_OBJC_ROOT_CLASS = YES_ERROR;
				CLANG_WARN_RANGE_LOOP_ANALYSIS = YES;
				CLANG_WARN_STRICT_PROTOTYPES = YES;
				CLANG_WARN_SUSPICIOUS_MOVE = YES;
				CLANG_WARN_UNGUARDED_AVAILABILITY = YES_AGGRESSIVE;
				CLANG_WARN_UNREACHABLE_CODE = YES;
				CLANG_WARN__DUPLICATE_METHOD_MATCH = YES;
				CODE_SIGN_IDENTITY = "iPhone Developer";
				COPY_PHASE_STRIP = NO;
				DEBUG_INFORMATION_FORMAT = "dwarf-with-dsym";
				ENABLE_NS_ASSERTIONS = NO;
				ENABLE_STRICT_OBJC_MSGSEND = YES;
				GCC_C_LANGUAGE_STANDARD = gnu11;
				GCC_NO_COMMON_BLOCKS = YES;
				GCC_WARN_64_TO_32_BIT_CONVERSION = YES;
				GCC_WARN_ABOUT_RETURN_TYPE = YES_ERROR;
				GCC_WARN_UNDECLARED_SELECTOR = YES;
				GCC_WARN_UNINITIALIZED_AUTOS = YES_AGGRESSIVE;
				GCC_WARN_UNUSED_FUNCTION = YES;
				GCC_WARN_UNUSED_VARIABLE = YES;
				IPHONEOS_DEPLOYMENT_TARGET = 11.4;
				MTL_ENABLE_DEBUG_INFO = NO;
				SDKROOT = iphoneos;
				SWIFT_COMPILATION_MODE = wholemodule;
				SWIFT_OPTIMIZATION_LEVEL = "-O";
				VALIDATE_PRODUCT = YES;
			};
			name = Release;
		};
		D029C54F2161956D00A26132 /* Debug */ = {
			isa = XCBuildConfiguration;
			baseConfigurationReference = 9683EBEC86EBBB76BF0D1BF2 /* Pods-Tram Timetable.debug.xcconfig */;
			buildSettings = {
				ASSETCATALOG_COMPILER_APPICON_NAME = AppIcon;
				CODE_SIGN_STYLE = Automatic;
				DEVELOPMENT_TEAM = 6539W4BMT7;
				INFOPLIST_FILE = "Tram Timetable/Info.plist";
				LD_RUNPATH_SEARCH_PATHS = (
					"$(inherited)",
					"@executable_path/Frameworks",
				);
				PRODUCT_BUNDLE_IDENTIFIER = "mxndev.Tram-Timetable";
				PRODUCT_NAME = "$(TARGET_NAME)";
				SWIFT_VERSION = 4.0;
				TARGETED_DEVICE_FAMILY = "1,2";
			};
			name = Debug;
		};
		D029C5502161956D00A26132 /* Release */ = {
			isa = XCBuildConfiguration;
			baseConfigurationReference = 8BEBC5D801AFFC1354C01B38 /* Pods-Tram Timetable.release.xcconfig */;
			buildSettings = {
				ASSETCATALOG_COMPILER_APPICON_NAME = AppIcon;
				CODE_SIGN_STYLE = Automatic;
				DEVELOPMENT_TEAM = 6539W4BMT7;
				INFOPLIST_FILE = "Tram Timetable/Info.plist";
				LD_RUNPATH_SEARCH_PATHS = (
					"$(inherited)",
					"@executable_path/Frameworks",
				);
				PRODUCT_BUNDLE_IDENTIFIER = "mxndev.Tram-Timetable";
				PRODUCT_NAME = "$(TARGET_NAME)";
				SWIFT_VERSION = 4.0;
				TARGETED_DEVICE_FAMILY = "1,2";
			};
			name = Release;
		};
		D029C5522161956D00A26132 /* Debug */ = {
			isa = XCBuildConfiguration;
			buildSettings = {
				ALWAYS_EMBED_SWIFT_STANDARD_LIBRARIES = YES;
				BUNDLE_LOADER = "$(TEST_HOST)";
				CODE_SIGN_STYLE = Automatic;
				DEVELOPMENT_TEAM = 6539W4BMT7;
				INFOPLIST_FILE = "Tram TimetableTests/Info.plist";
				LD_RUNPATH_SEARCH_PATHS = (
					"$(inherited)",
					"@executable_path/Frameworks",
					"@loader_path/Frameworks",
				);
				PRODUCT_BUNDLE_IDENTIFIER = "mxndev.Tram-TimetableTests";
				PRODUCT_NAME = "$(TARGET_NAME)";
				SWIFT_VERSION = 4.0;
				TARGETED_DEVICE_FAMILY = "1,2";
				TEST_HOST = "$(BUILT_PRODUCTS_DIR)/Tram Timetable.app/Tram Timetable";
			};
			name = Debug;
		};
		D029C5532161956D00A26132 /* Release */ = {
			isa = XCBuildConfiguration;
			buildSettings = {
				ALWAYS_EMBED_SWIFT_STANDARD_LIBRARIES = YES;
				BUNDLE_LOADER = "$(TEST_HOST)";
				CODE_SIGN_STYLE = Automatic;
				DEVELOPMENT_TEAM = 6539W4BMT7;
				INFOPLIST_FILE = "Tram TimetableTests/Info.plist";
				LD_RUNPATH_SEARCH_PATHS = (
					"$(inherited)",
					"@executable_path/Frameworks",
					"@loader_path/Frameworks",
				);
				PRODUCT_BUNDLE_IDENTIFIER = "mxndev.Tram-TimetableTests";
				PRODUCT_NAME = "$(TARGET_NAME)";
				SWIFT_VERSION = 4.0;
				TARGETED_DEVICE_FAMILY = "1,2";
				TEST_HOST = "$(BUILT_PRODUCTS_DIR)/Tram Timetable.app/Tram Timetable";
			};
			name = Release;
		};
/* End XCBuildConfiguration section */

/* Begin XCConfigurationList section */
		D029C52C2161956D00A26132 /* Build configuration list for PBXProject "Tram Timetable" */ = {
			isa = XCConfigurationList;
			buildConfigurations = (
				D029C54C2161956D00A26132 /* Debug */,
				D029C54D2161956D00A26132 /* Release */,
			);
			defaultConfigurationIsVisible = 0;
			defaultConfigurationName = Release;
		};
		D029C54E2161956D00A26132 /* Build configuration list for PBXNativeTarget "Tram Timetable" */ = {
			isa = XCConfigurationList;
			buildConfigurations = (
				D029C54F2161956D00A26132 /* Debug */,
				D029C5502161956D00A26132 /* Release */,
			);
			defaultConfigurationIsVisible = 0;
			defaultConfigurationName = Release;
		};
		D029C5512161956D00A26132 /* Build configuration list for PBXNativeTarget "Tram TimetableTests" */ = {
			isa = XCConfigurationList;
			buildConfigurations = (
				D029C5522161956D00A26132 /* Debug */,
				D029C5532161956D00A26132 /* Release */,
			);
			defaultConfigurationIsVisible = 0;
			defaultConfigurationName = Release;
		};
/* End XCConfigurationList section */
	};
	rootObject = D029C5292161956D00A26132 /* Project object */;
}
